
Microsoft Visual Studio Solution File, Format Version 12.00
# Visual Studio 15
VisualStudioVersion = 15.0.28307.1022
MinimumVisualStudioVersion = 10.0.40219.1
Project("{FAE04EC0-301F-11D3-BF4B-00C04F79EFBC}") = "Algorithm1", "Algorithm1\Algorithm1.csproj", "{001C0E91-A401-4167-8DD7-E5F6EB84CF65}"
EndProject
Project("{FAE04EC0-301F-11D3-BF4B-00C04F79EFBC}") = "Algorithm 2", "Algorithm 2\Algorithm 2.csproj", "{1EA3CD27-7866-4F9A-9D40-1A5F2AD34DBB}"
EndProject
Project("{FAE04EC0-301F-11D3-BF4B-00C04F79EFBC}") = "Algorithm3", "Algorithm3\Algorithm3.csproj", "{1AC5F0B2-1D98-4376-BC28-DFAAEFEBC1C6}"
EndProject
Global
	GlobalSection(SolutionConfigurationPlatforms) = preSolution
		Debug|Any CPU = Debug|Any CPU
		Release|Any CPU = Release|Any CPU
	EndGlobalSection
	GlobalSection(ProjectConfigurationPlatforms) = postSolution
		{001C0E91-A401-4167-8DD7-E5F6EB84CF65}.Debug|Any CPU.ActiveCfg = Debug|Any CPU
		{001C0E91-A401-4167-8DD7-E5F6EB84CF65}.Debug|Any CPU.Build.0 = Debug|Any CPU
		{001C0E91-A401-4167-8DD7-E5F6EB84CF65}.Release|Any CPU.ActiveCfg = Release|Any CPU
		{001C0E91-A401-4167-8DD7-E5F6EB84CF65}.Release|Any CPU.Build.0 = Release|Any CPU
		{1EA3CD27-7866-4F9A-9D40-1A5F2AD34DBB}.Debug|Any CPU.ActiveCfg = Debug|Any CPU
		{1EA3CD27-7866-4F9A-9D40-1A5F2AD34DBB}.Debug|Any CPU.Build.0 = Debug|Any CPU
		{1EA3CD27-7866-4F9A-9D40-1A5F2AD34DBB}.Release|Any CPU.ActiveCfg = Release|Any CPU
		{1EA3CD27-7866-4F9A-9D40-1A5F2AD34DBB}.Release|Any CPU.Build.0 = Release|Any CPU
		{1AC5F0B2-1D98-4376-BC28-DFAAEFEBC1C6}.Debug|Any CPU.ActiveCfg = Debug|Any CPU
		{1AC5F0B2-1D98-4376-BC28-DFAAEFEBC1C6}.Debug|Any CPU.Build.0 = Debug|Any CPU
		{1AC5F0B2-1D98-4376-BC28-DFAAEFEBC1C6}.Release|Any CPU.ActiveCfg = Release|Any CPU
		{1AC5F0B2-1D98-4376-BC28-DFAAEFEBC1C6}.Release|Any CPU.Build.0 = Release|Any CPU
	EndGlobalSection
	GlobalSection(SolutionProperties) = preSolution
		HideSolutionNode = FALSE
	EndGlobalSection
	GlobalSection(ExtensibilityGlobals) = postSolution
		SolutionGuid = {156E4ECF-8E1A-46ED-A3DE-5029665DC560}
	EndGlobalSection
EndGlobal
